{
  "object": {
    "pins": [
      {
        "package": "Codextended",
        "repositoryURL": "https://github.com/johnsundell/codextended.git",
        "state": {
          "branch": null,
          "revision": "8d7c46dfc9c55240870cf5561d6cefa41e3d7105",
          "version": "0.3.0"
        }
      },
      {
        "package": "Files",
        "repositoryURL": "https://github.com/johnsundell/files.git",
        "state": {
          "branch": null,
          "revision": "6568bfe636f02dfd85dc9d51b3782555b83080d3",
          "version": "4.0.2"
        }
      },
      {
        "package": "Ink",
        "repositoryURL": "https://github.com/johnsundell/ink.git",
        "state": {
          "branch": null,
          "revision": "c88bbce588a1ebfde2cf4d61eb9865a3edaa27d4",
          "version": "0.2.0"
        }
      },
      {
        "package": "Plot",
        "repositoryURL": "https://github.com/johnsundell/plot.git",
        "state": {
          "branch": null,
          "revision": "2e5574972f83bc5cdea59662986e701b86137642",
          "version": "0.3.0"
        }
      },
      {
        "package": "Publish",
        "repositoryURL": "https://github.com/johnsundell/publish.git",
        "state": {
          "branch": null,
          "revision": "ef3cd95bc4b4307c516b7538c6c2dfcc943fc7a8",
          "version": "0.1.0"
        }
      },
      {
        "package": "ShellOut",
        "repositoryURL": "https://github.com/johnsundell/shellout.git",
        "state": {
          "branch": null,
          "revision": "4ebf25863deb9c3c02696704fc3d39736183f258",
          "version": "2.2.1"
        }
      },
      {
        "package": "Splash",
        "repositoryURL": "https://github.com/johnsundell/splash.git",
        "state": {
          "branch": null,
          "revision": "4da9bbd0bc14d5774b112fc4bb1859d5a67fb478",
          "version": "0.10.0"
        }
      },
      {
        "package": "SplashPublishPlugin",
        "repositoryURL": "https://github.com/johnsundell/splashpublishplugin",
        "state": {
          "branch": null,
          "revision": "34bb50bd83b2a40c63afc35f090c76619dc149ce",
          "version": "0.1.0"
        }
      },
      {
        "package": "Sweep",
        "repositoryURL": "https://github.com/johnsundell/sweep.git",
        "state": {
          "branch": null,
          "revision": "d357d12c9558e51f037bf2f956d5cf6c73dc0d44",
          "version": "0.3.0"
        }
      }
    ]
  },
  "version": 1
}
